
Microsoft Visual Studio Solution File, Format Version 12.00
# Visual Studio Version 17
VisualStudioVersion = 17.1.32328.378
MinimumVisualStudioVersion = 10.0.40219.1
Project("{9A19103F-16F7-4668-BE54-9A1E7A4F7556}") = "ESourcing.Products", "ESourcing.Products\ESourcing.Products.csproj", "{BC0CFE39-018E-4E40-83C2-6500372165EA}"
EndProject
Project("{2150E333-8FDC-42A3-9474-1A3956D46DE8}") = "Products", "Products", "{181351E0-4D5C-4A76-BEB3-8FC8E4687531}"
EndProject
Project("{2150E333-8FDC-42A3-9474-1A3956D46DE8}") = "src", "src", "{3AF0F150-6502-4CB7-9485-F944062EC2DD}"
EndProject
Project("{2150E333-8FDC-42A3-9474-1A3956D46DE8}") = "ApiGateway", "ApiGateway", "{00404AFE-6C26-4ADF-81F2-EC23ADD9F739}"
EndProject
Project("{2150E333-8FDC-42A3-9474-1A3956D46DE8}") = "Services", "Services", "{3B923AD7-72F2-48AB-B4CA-BE9C4B669418}"
EndProject
Project("{2150E333-8FDC-42A3-9474-1A3956D46DE8}") = "WebApp", "WebApp", "{29386EDE-DDB5-4ACB-BE0C-9DBF736E4203}"
EndProject
Project("{2150E333-8FDC-42A3-9474-1A3956D46DE8}") = "Common", "Common", "{7668C591-3BA7-4C7C-95D1-83D05E4B1013}"
EndProject
Project("{2150E333-8FDC-42A3-9474-1A3956D46DE8}") = "Order", "Order", "{61C86C62-BF00-4653-B497-44A2C4A248F8}"
EndProject
Project("{2150E333-8FDC-42A3-9474-1A3956D46DE8}") = "Sourcing", "Sourcing", "{0420BE11-C21E-42E4-84C0-C85694DCA680}"
EndProject
Global
	GlobalSection(SolutionConfigurationPlatforms) = preSolution
		Debug|Any CPU = Debug|Any CPU
		Release|Any CPU = Release|Any CPU
	EndGlobalSection
	GlobalSection(ProjectConfigurationPlatforms) = postSolution
		{BC0CFE39-018E-4E40-83C2-6500372165EA}.Debug|Any CPU.ActiveCfg = Debug|Any CPU
		{BC0CFE39-018E-4E40-83C2-6500372165EA}.Debug|Any CPU.Build.0 = Debug|Any CPU
		{BC0CFE39-018E-4E40-83C2-6500372165EA}.Release|Any CPU.ActiveCfg = Release|Any CPU
		{BC0CFE39-018E-4E40-83C2-6500372165EA}.Release|Any CPU.Build.0 = Release|Any CPU
	EndGlobalSection
	GlobalSection(SolutionProperties) = preSolution
		HideSolutionNode = FALSE
	EndGlobalSection
	GlobalSection(NestedProjects) = preSolution
		{BC0CFE39-018E-4E40-83C2-6500372165EA} = {181351E0-4D5C-4A76-BEB3-8FC8E4687531}
		{181351E0-4D5C-4A76-BEB3-8FC8E4687531} = {3B923AD7-72F2-48AB-B4CA-BE9C4B669418}
		{00404AFE-6C26-4ADF-81F2-EC23ADD9F739} = {3AF0F150-6502-4CB7-9485-F944062EC2DD}
		{3B923AD7-72F2-48AB-B4CA-BE9C4B669418} = {3AF0F150-6502-4CB7-9485-F944062EC2DD}
		{29386EDE-DDB5-4ACB-BE0C-9DBF736E4203} = {3AF0F150-6502-4CB7-9485-F944062EC2DD}
		{7668C591-3BA7-4C7C-95D1-83D05E4B1013} = {3B923AD7-72F2-48AB-B4CA-BE9C4B669418}
		{61C86C62-BF00-4653-B497-44A2C4A248F8} = {3B923AD7-72F2-48AB-B4CA-BE9C4B669418}
		{0420BE11-C21E-42E4-84C0-C85694DCA680} = {3B923AD7-72F2-48AB-B4CA-BE9C4B669418}
	EndGlobalSection
	GlobalSection(ExtensibilityGlobals) = postSolution
		SolutionGuid = {01471017-2734-4744-9C01-5DCEFA53642A}
	EndGlobalSection
EndGlobal
